// !$*UTF8*$!
{
	archiveVersion = 1;
	classes = {
	};
	objectVersion = 56;
	objects = {

/* Begin PBXBuildFile section */
		9F44642929AF4A7C00A99734 /* AppDelegate.m in Sources */ = {isa = PBXBuildFile; fileRef = 9F44642829AF4A7C00A99734 /* AppDelegate.m */; };
		9F44642C29AF4A7C00A99734 /* SceneDelegate.m in Sources */ = {isa = PBXBuildFile; fileRef = 9F44642B29AF4A7C00A99734 /* SceneDelegate.m */; };
		9F44642F29AF4A7C00A99734 /* ViewController.m in Sources */ = {isa = PBXBuildFile; fileRef = 9F44642E29AF4A7C00A99734 /* ViewController.m */; };
		9F44643229AF4A7C00A99734 /* Main.storyboard in Resources */ = {isa = PBXBuildFile; fileRef = 9F44643029AF4A7C00A99734 /* Main.storyboard */; };
		9F44643429AF4A7D00A99734 /* Assets.xcassets in Resources */ = {isa = PBXBuildFile; fileRef = 9F44643329AF4A7D00A99734 /* Assets.xcassets */; };
		9F44643729AF4A7D00A99734 /* LaunchScreen.storyboard in Resources */ = {isa = PBXBuildFile; fileRef = 9F44643529AF4A7D00A99734 /* LaunchScreen.storyboard */; };
		9F44643A29AF4A7D00A99734 /* main.m in Sources */ = {isa = PBXBuildFile; fileRef = 9F44643929AF4A7D00A99734 /* main.m */; };
		9F44644429AF4A7D00A99734 /* TMDBTests.m in Sources */ = {isa = PBXBuildFile; fileRef = 9F44644329AF4A7D00A99734 /* TMDBTests.m */; };
		9F44644E29AF4A7D00A99734 /* TMDBUITests.m in Sources */ = {isa = PBXBuildFile; fileRef = 9F44644D29AF4A7D00A99734 /* TMDBUITests.m */; };
		9F44645029AF4A7D00A99734 /* TMDBUITestsLaunchTests.m in Sources */ = {isa = PBXBuildFile; fileRef = 9F44644F29AF4A7D00A99734 /* TMDBUITestsLaunchTests.m */; };
		9F63F90C29B1C607007589B4 /* Movie.swift in Sources */ = {isa = PBXBuildFile; fileRef = 9F63F90B29B1C607007589B4 /* Movie.swift */; };
		9F63F91229B1E3A0007589B4 /* CustomCollectionViewCell.m in Sources */ = {isa = PBXBuildFile; fileRef = 9F63F91129B1E3A0007589B4 /* CustomCollectionViewCell.m */; };
		9F63F91429B201D0007589B4 /* ResponseData.swift in Sources */ = {isa = PBXBuildFile; fileRef = 9F63F91329B201D0007589B4 /* ResponseData.swift */; };
		9F63F91629B20BEA007589B4 /* NetworkManager.swift in Sources */ = {isa = PBXBuildFile; fileRef = 9F63F91529B20BEA007589B4 /* NetworkManager.swift */; };
		9F63F91C29B747EF007589B4 /* AFTableViewCell.m in Sources */ = {isa = PBXBuildFile; fileRef = 9F63F91A29B747EE007589B4 /* AFTableViewCell.m */; };
		9F63F91F29B76F09007589B4 /* customLabelcell.m in Sources */ = {isa = PBXBuildFile; fileRef = 9F63F91E29B76F09007589B4 /* customLabelcell.m */; };
/* End PBXBuildFile section */

/* Begin PBXContainerItemProxy section */
		9F44644029AF4A7D00A99734 /* PBXContainerItemProxy */ = {
			isa = PBXContainerItemProxy;
			containerPortal = 9F44641C29AF4A7C00A99734 /* Project object */;
			proxyType = 1;
			remoteGlobalIDString = 9F44642329AF4A7C00A99734;
			remoteInfo = TMDB;
		};
		9F44644A29AF4A7D00A99734 /* PBXContainerItemProxy */ = {
			isa = PBXContainerItemProxy;
			containerPortal = 9F44641C29AF4A7C00A99734 /* Project object */;
			proxyType = 1;
			remoteGlobalIDString = 9F44642329AF4A7C00A99734;
			remoteInfo = TMDB;
		};
/* End PBXContainerItemProxy section */

/* Begin PBXFileReference section */
		9F44642429AF4A7C00A99734 /* TMDB.app */ = {isa = PBXFileReference; explicitFileType = wrapper.application; includeInIndex = 0; path = TMDB.app; sourceTree = BUILT_PRODUCTS_DIR; };
		9F44642729AF4A7C00A99734 /* AppDelegate.h */ = {isa = PBXFileReference; lastKnownFileType = sourcecode.c.h; path = AppDelegate.h; sourceTree = "<group>"; };
		9F44642829AF4A7C00A99734 /* AppDelegate.m */ = {isa = PBXFileReference; lastKnownFileType = sourcecode.c.objc; path = AppDelegate.m; sourceTree = "<group>"; };
		9F44642A29AF4A7C00A99734 /* SceneDelegate.h */ = {isa = PBXFileReference; lastKnownFileType = sourcecode.c.h; path = SceneDelegate.h; sourceTree = "<group>"; };
		9F44642B29AF4A7C00A99734 /* SceneDelegate.m */ = {isa = PBXFileReference; lastKnownFileType = sourcecode.c.objc; path = SceneDelegate.m; sourceTree = "<group>"; };
		9F44642D29AF4A7C00A99734 /* ViewController.h */ = {isa = PBXFileReference; lastKnownFileType = sourcecode.c.h; path = ViewController.h; sourceTree = "<group>"; };
		9F44642E29AF4A7C00A99734 /* ViewController.m */ = {isa = PBXFileReference; lastKnownFileType = sourcecode.c.objc; path = ViewController.m; sourceTree = "<group>"; };
		9F44643129AF4A7C00A99734 /* Base */ = {isa = PBXFileReference; lastKnownFileType = file.storyboard; name = Base; path = Base.lproj/Main.storyboard; sourceTree = "<group>"; };
		9F44643329AF4A7D00A99734 /* Assets.xcassets */ = {isa = PBXFileReference; lastKnownFileType = folder.assetcatalog; path = Assets.xcassets; sourceTree = "<group>"; };
		9F44643629AF4A7D00A99734 /* Base */ = {isa = PBXFileReference; lastKnownFileType = file.storyboard; name = Base; path = Base.lproj/LaunchScreen.storyboard; sourceTree = "<group>"; };
		9F44643829AF4A7D00A99734 /* Info.plist */ = {isa = PBXFileReference; lastKnownFileType = text.plist.xml; path = Info.plist; sourceTree = "<group>"; };
		9F44643929AF4A7D00A99734 /* main.m */ = {isa = PBXFileReference; lastKnownFileType = sourcecode.c.objc; path = main.m; sourceTree = "<group>"; };
		9F44643F29AF4A7D00A99734 /* TMDBTests.xctest */ = {isa = PBXFileReference; explicitFileType = wrapper.cfbundle; includeInIndex = 0; path = TMDBTests.xctest; sourceTree = BUILT_PRODUCTS_DIR; };
		9F44644329AF4A7D00A99734 /* TMDBTests.m */ = {isa = PBXFileReference; lastKnownFileType = sourcecode.c.objc; path = TMDBTests.m; sourceTree = "<group>"; };
		9F44644929AF4A7D00A99734 /* TMDBUITests.xctest */ = {isa = PBXFileReference; explicitFileType = wrapper.cfbundle; includeInIndex = 0; path = TMDBUITests.xctest; sourceTree = BUILT_PRODUCTS_DIR; };
		9F44644D29AF4A7D00A99734 /* TMDBUITests.m */ = {isa = PBXFileReference; lastKnownFileType = sourcecode.c.objc; path = TMDBUITests.m; sourceTree = "<group>"; };
		9F44644F29AF4A7D00A99734 /* TMDBUITestsLaunchTests.m */ = {isa = PBXFileReference; lastKnownFileType = sourcecode.c.objc; path = TMDBUITestsLaunchTests.m; sourceTree = "<group>"; };
		9F63F90A29B1C607007589B4 /* TMDB-Bridging-Header.h */ = {isa = PBXFileReference; lastKnownFileType = sourcecode.c.h; path = "TMDB-Bridging-Header.h"; sourceTree = "<group>"; };
		9F63F90B29B1C607007589B4 /* Movie.swift */ = {isa = PBXFileReference; lastKnownFileType = sourcecode.swift; path = Movie.swift; sourceTree = "<group>"; };
		9F63F91029B1E3A0007589B4 /* CustomCollectionViewCell.h */ = {isa = PBXFileReference; lastKnownFileType = sourcecode.c.h; path = CustomCollectionViewCell.h; sourceTree = "<group>"; };
		9F63F91129B1E3A0007589B4 /* CustomCollectionViewCell.m */ = {isa = PBXFileReference; lastKnownFileType = sourcecode.c.objc; path = CustomCollectionViewCell.m; sourceTree = "<group>"; };
		9F63F91329B201D0007589B4 /* ResponseData.swift */ = {isa = PBXFileReference; lastKnownFileType = sourcecode.swift; path = ResponseData.swift; sourceTree = "<group>"; };
		9F63F91529B20BEA007589B4 /* NetworkManager.swift */ = {isa = PBXFileReference; lastKnownFileType = sourcecode.swift; path = NetworkManager.swift; sourceTree = "<group>"; };
		9F63F91A29B747EE007589B4 /* AFTableViewCell.m */ = {isa = PBXFileReference; fileEncoding = 4; lastKnownFileType = sourcecode.c.objc; path = AFTableViewCell.m; sourceTree = "<group>"; };
		9F63F91B29B747EF007589B4 /* AFTableViewCell.h */ = {isa = PBXFileReference; fileEncoding = 4; lastKnownFileType = sourcecode.c.h; path = AFTableViewCell.h; sourceTree = "<group>"; };
		9F63F91D29B76F09007589B4 /* customLabelcell.h */ = {isa = PBXFileReference; lastKnownFileType = sourcecode.c.h; path = customLabelcell.h; sourceTree = "<group>"; };
		9F63F91E29B76F09007589B4 /* customLabelcell.m */ = {isa = PBXFileReference; lastKnownFileType = sourcecode.c.objc; path = customLabelcell.m; sourceTree = "<group>"; };
/* End PBXFileReference section */

/* Begin PBXFrameworksBuildPhase section */
		9F44642129AF4A7C00A99734 /* Frameworks */ = {
			isa = PBXFrameworksBuildPhase;
			buildActionMask = 2147483647;
			files = (
			);
			runOnlyForDeploymentPostprocessing = 0;
		};
		9F44643C29AF4A7D00A99734 /* Frameworks */ = {
			isa = PBXFrameworksBuildPhase;
			buildActionMask = 2147483647;
			files = (
			);
			runOnlyForDeploymentPostprocessing = 0;
		};
		9F44644629AF4A7D00A99734 /* Frameworks */ = {
			isa = PBXFrameworksBuildPhase;
			buildActionMask = 2147483647;
			files = (
			);
			runOnlyForDeploymentPostprocessing = 0;
		};
/* End PBXFrameworksBuildPhase section */

/* Begin PBXGroup section */
		9F44641B29AF4A7C00A99734 = {
			isa = PBXGroup;
			children = (
				9F44642629AF4A7C00A99734 /* TMDB */,
				9F44644229AF4A7D00A99734 /* TMDBTests */,
				9F44644C29AF4A7D00A99734 /* TMDBUITests */,
				9F44642529AF4A7C00A99734 /* Products */,
			);
			sourceTree = "<group>";
		};
		9F44642529AF4A7C00A99734 /* Products */ = {
			isa = PBXGroup;
			children = (
				9F44642429AF4A7C00A99734 /* TMDB.app */,
				9F44643F29AF4A7D00A99734 /* TMDBTests.xctest */,
				9F44644929AF4A7D00A99734 /* TMDBUITests.xctest */,
			);
			name = Products;
			sourceTree = "<group>";
		};
		9F44642629AF4A7C00A99734 /* TMDB */ = {
			isa = PBXGroup;
			children = (
				9F63F90F29B1CEF5007589B4 /* Storyboards */,
				9F63F90E29B1CECA007589B4 /* Resource */,
				9F63F90029B0ADC2007589B4 /* Model */,
				9F63F8FF29B0AD92007589B4 /* View */,
				9F44646529AF81F800A99734 /* Common */,
			);
			path = TMDB;
			sourceTree = "<group>";
		};
		9F44644229AF4A7D00A99734 /* TMDBTests */ = {
			isa = PBXGroup;
			children = (
				9F44644329AF4A7D00A99734 /* TMDBTests.m */,
			);
			path = TMDBTests;
			sourceTree = "<group>";
		};
		9F44644C29AF4A7D00A99734 /* TMDBUITests */ = {
			isa = PBXGroup;
			children = (
				9F44644D29AF4A7D00A99734 /* TMDBUITests.m */,
				9F44644F29AF4A7D00A99734 /* TMDBUITestsLaunchTests.m */,
			);
			path = TMDBUITests;
			sourceTree = "<group>";
		};
		9F44646529AF81F800A99734 /* Common */ = {
			isa = PBXGroup;
			children = (
				9F63F91529B20BEA007589B4 /* NetworkManager.swift */,
			);
			path = Common;
			sourceTree = "<group>";
		};
		9F63F8FF29B0AD92007589B4 /* View */ = {
			isa = PBXGroup;
			children = (
				9F44642D29AF4A7C00A99734 /* ViewController.h */,
				9F44642E29AF4A7C00A99734 /* ViewController.m */,
				9F63F91B29B747EF007589B4 /* AFTableViewCell.h */,
				9F63F91A29B747EE007589B4 /* AFTableViewCell.m */,
				9F63F91029B1E3A0007589B4 /* CustomCollectionViewCell.h */,
				9F63F91129B1E3A0007589B4 /* CustomCollectionViewCell.m */,
				9F63F91D29B76F09007589B4 /* customLabelcell.h */,
				9F63F91E29B76F09007589B4 /* customLabelcell.m */,
			);
			path = View;
			sourceTree = "<group>";
		};
		9F63F90029B0ADC2007589B4 /* Model */ = {
			isa = PBXGroup;
			children = (
				9F63F90B29B1C607007589B4 /* Movie.swift */,
				9F63F91329B201D0007589B4 /* ResponseData.swift */,
				9F63F90A29B1C607007589B4 /* TMDB-Bridging-Header.h */,
			);
			path = Model;
			sourceTree = "<group>";
		};
		9F63F90E29B1CECA007589B4 /* Resource */ = {
			isa = PBXGroup;
			children = (
				9F44642A29AF4A7C00A99734 /* SceneDelegate.h */,
				9F44642B29AF4A7C00A99734 /* SceneDelegate.m */,
				9F44642729AF4A7C00A99734 /* AppDelegate.h */,
				9F44642829AF4A7C00A99734 /* AppDelegate.m */,
				9F44643929AF4A7D00A99734 /* main.m */,
				9F44643329AF4A7D00A99734 /* Assets.xcassets */,
				9F44643829AF4A7D00A99734 /* Info.plist */,
			);
			name = Resource;
			sourceTree = "<group>";
		};
		9F63F90F29B1CEF5007589B4 /* Storyboards */ = {
			isa = PBXGroup;
			children = (
				9F44643529AF4A7D00A99734 /* LaunchScreen.storyboard */,
				9F44643029AF4A7C00A99734 /* Main.storyboard */,
			);
			name = Storyboards;
			sourceTree = "<group>";
		};
/* End PBXGroup section */

/* Begin PBXNativeTarget section */
		9F44642329AF4A7C00A99734 /* TMDB */ = {
			isa = PBXNativeTarget;
			buildConfigurationList = 9F44645329AF4A7D00A99734 /* Build configuration list for PBXNativeTarget "TMDB" */;
			buildPhases = (
				9F44642029AF4A7C00A99734 /* Sources */,
				9F44642129AF4A7C00A99734 /* Frameworks */,
				9F44642229AF4A7C00A99734 /* Resources */,
			);
			buildRules = (
			);
			dependencies = (
			);
			name = TMDB;
			productName = TMDB;
			productReference = 9F44642429AF4A7C00A99734 /* TMDB.app */;
			productType = "com.apple.product-type.application";
		};
		9F44643E29AF4A7D00A99734 /* TMDBTests */ = {
			isa = PBXNativeTarget;
			buildConfigurationList = 9F44645629AF4A7D00A99734 /* Build configuration list for PBXNativeTarget "TMDBTests" */;
			buildPhases = (
				9F44643B29AF4A7D00A99734 /* Sources */,
				9F44643C29AF4A7D00A99734 /* Frameworks */,
				9F44643D29AF4A7D00A99734 /* Resources */,
			);
			buildRules = (
			);
			dependencies = (
				9F44644129AF4A7D00A99734 /* PBXTargetDependency */,
			);
			name = TMDBTests;
			productName = TMDBTests;
			productReference = 9F44643F29AF4A7D00A99734 /* TMDBTests.xctest */;
			productType = "com.apple.product-type.bundle.unit-test";
		};
		9F44644829AF4A7D00A99734 /* TMDBUITests */ = {
			isa = PBXNativeTarget;
			buildConfigurationList = 9F44645929AF4A7D00A99734 /* Build configuration list for PBXNativeTarget "TMDBUITests" */;
			buildPhases = (
				9F44644529AF4A7D00A99734 /* Sources */,
				9F44644629AF4A7D00A99734 /* Frameworks */,
				9F44644729AF4A7D00A99734 /* Resources */,
			);
			buildRules = (
			);
			dependencies = (
				9F44644B29AF4A7D00A99734 /* PBXTargetDependency */,
			);
			name = TMDBUITests;
			productName = TMDBUITests;
			productReference = 9F44644929AF4A7D00A99734 /* TMDBUITests.xctest */;
			productType = "com.apple.product-type.bundle.ui-testing";
		};
/* End PBXNativeTarget section */

/* Begin PBXProject section */
		9F44641C29AF4A7C00A99734 /* Project object */ = {
			isa = PBXProject;
			attributes = {
				BuildIndependentTargetsInParallel = 1;
				LastUpgradeCheck = 1420;
				TargetAttributes = {
					9F44642329AF4A7C00A99734 = {
						CreatedOnToolsVersion = 14.2;
						LastSwiftMigration = 1420;
					};
					9F44643E29AF4A7D00A99734 = {
						CreatedOnToolsVersion = 14.2;
						TestTargetID = 9F44642329AF4A7C00A99734;
					};
					9F44644829AF4A7D00A99734 = {
						CreatedOnToolsVersion = 14.2;
						TestTargetID = 9F44642329AF4A7C00A99734;
					};
				};
			};
			buildConfigurationList = 9F44641F29AF4A7C00A99734 /* Build configuration list for PBXProject "TMDB" */;
			compatibilityVersion = "Xcode 14.0";
			developmentRegion = en;
			hasScannedForEncodings = 0;
			knownRegions = (
				en,
				Base,
			);
			mainGroup = 9F44641B29AF4A7C00A99734;
			productRefGroup = 9F44642529AF4A7C00A99734 /* Products */;
			projectDirPath = "";
			projectRoot = "";
			targets = (
				9F44642329AF4A7C00A99734 /* TMDB */,
				9F44643E29AF4A7D00A99734 /* TMDBTests */,
				9F44644829AF4A7D00A99734 /* TMDBUITests */,
			);
		};
/* End PBXProject section */

/* Begin PBXResourcesBuildPhase section */
		9F44642229AF4A7C00A99734 /* Resources */ = {
			isa = PBXResourcesBuildPhase;
			buildActionMask = 2147483647;
			files = (
				9F44643729AF4A7D00A99734 /* LaunchScreen.storyboard in Resources */,
				9F44643429AF4A7D00A99734 /* Assets.xcassets in Resources */,
				9F44643229AF4A7C00A99734 /* Main.storyboard in Resources */,
			);
			runOnlyForDeploymentPostprocessing = 0;
		};
		9F44643D29AF4A7D00A99734 /* Resources */ = {
			isa = PBXResourcesBuildPhase;
			buildActionMask = 2147483647;
			files = (
			);
			runOnlyForDeploymentPostprocessing = 0;
		};
		9F44644729AF4A7D00A99734 /* Resources */ = {
			isa = PBXResourcesBuildPhase;
			buildActionMask = 2147483647;
			files = (
			);
			runOnlyForDeploymentPostprocessing = 0;
		};
/* End PBXResourcesBuildPhase section */

/* Begin PBXSourcesBuildPhase section */
		9F44642029AF4A7C00A99734 /* Sources */ = {
			isa = PBXSourcesBuildPhase;
			buildActionMask = 2147483647;
			files = (
				9F63F91C29B747EF007589B4 /* AFTableViewCell.m in Sources */,
				9F63F91629B20BEA007589B4 /* NetworkManager.swift in Sources */,
				9F44642F29AF4A7C00A99734 /* ViewController.m in Sources */,
				9F63F91F29B76F09007589B4 /* customLabelcell.m in Sources */,
				9F44642929AF4A7C00A99734 /* AppDelegate.m in Sources */,
				9F44643A29AF4A7D00A99734 /* main.m in Sources */,
				9F63F91229B1E3A0007589B4 /* CustomCollectionViewCell.m in Sources */,
				9F63F90C29B1C607007589B4 /* Movie.swift in Sources */,
				9F63F91429B201D0007589B4 /* ResponseData.swift in Sources */,
				9F44642C29AF4A7C00A99734 /* SceneDelegate.m in Sources */,
			);
			runOnlyForDeploymentPostprocessing = 0;
		};
		9F44643B29AF4A7D00A99734 /* Sources */ = {
			isa = PBXSourcesBuildPhase;
			buildActionMask = 2147483647;
			files = (
				9F44644429AF4A7D00A99734 /* TMDBTests.m in Sources */,
			);
			runOnlyForDeploymentPostprocessing = 0;
		};
		9F44644529AF4A7D00A99734 /* Sources */ = {
			isa = PBXSourcesBuildPhase;
			buildActionMask = 2147483647;
			files = (
				9F44644E29AF4A7D00A99734 /* TMDBUITests.m in Sources */,
				9F44645029AF4A7D00A99734 /* TMDBUITestsLaunchTests.m in Sources */,
			);
			runOnlyForDeploymentPostprocessing = 0;
		};
/* End PBXSourcesBuildPhase section */

/* Begin PBXTargetDependency section */
		9F44644129AF4A7D00A99734 /* PBXTargetDependency */ = {
			isa = PBXTargetDependency;
			target = 9F44642329AF4A7C00A99734 /* TMDB */;
			targetProxy = 9F44644029AF4A7D00A99734 /* PBXContainerItemProxy */;
		};
		9F44644B29AF4A7D00A99734 /* PBXTargetDependency */ = {
			isa = PBXTargetDependency;
			target = 9F44642329AF4A7C00A99734 /* TMDB */;
			targetProxy = 9F44644A29AF4A7D00A99734 /* PBXContainerItemProxy */;
		};
/* End PBXTargetDependency section */

/* Begin PBXVariantGroup section */
		9F44643029AF4A7C00A99734 /* Main.storyboard */ = {
			isa = PBXVariantGroup;
			children = (
				9F44643129AF4A7C00A99734 /* Base */,
			);
			name = Main.storyboard;
			sourceTree = "<group>";
		};
		9F44643529AF4A7D00A99734 /* LaunchScreen.storyboard */ = {
			isa = PBXVariantGroup;
			children = (
				9F44643629AF4A7D00A99734 /* Base */,
			);
			name = LaunchScreen.storyboard;
			sourceTree = "<group>";
		};
/* End PBXVariantGroup section */

/* Begin XCBuildConfiguration section */
		9F44645129AF4A7D00A99734 /* Debug */ = {
			isa = XCBuildConfiguration;
			buildSettings = {
				ALWAYS_SEARCH_USER_PATHS = NO;
				CLANG_ANALYZER_NONNULL = YES;
				CLANG_ANALYZER_NUMBER_OBJECT_CONVERSION = YES_AGGRESSIVE;
				CLANG_CXX_LANGUAGE_STANDARD = "gnu++20";
				CLANG_ENABLE_MODULES = YES;
				CLANG_ENABLE_OBJC_ARC = YES;
				CLANG_ENABLE_OBJC_WEAK = YES;
				CLANG_WARN_BLOCK_CAPTURE_AUTORELEASING = YES;
				CLANG_WARN_BOOL_CONVERSION = YES;
				CLANG_WARN_COMMA = YES;
				CLANG_WARN_CONSTANT_CONVERSION = YES;
				CLANG_WARN_DEPRECATED_OBJC_IMPLEMENTATIONS = YES;
				CLANG_WARN_DIRECT_OBJC_ISA_USAGE = YES_ERROR;
				CLANG_WARN_DOCUMENTATION_COMMENTS = YES;
				CLANG_WARN_EMPTY_BODY = YES;
				CLANG_WARN_ENUM_CONVERSION = YES;
				CLANG_WARN_INFINITE_RECURSION = YES;
				CLANG_WARN_INT_CONVERSION = YES;
				CLANG_WARN_NON_LITERAL_NULL_CONVERSION = YES;
				CLANG_WARN_OBJC_IMPLICIT_RETAIN_SELF = YES;
				CLANG_WARN_OBJC_LITERAL_CONVERSION = YES;
				CLANG_WARN_OBJC_ROOT_CLASS = YES_ERROR;
				CLANG_WARN_QUOTED_INCLUDE_IN_FRAMEWORK_HEADER = YES;
				CLANG_WARN_RANGE_LOOP_ANALYSIS = YES;
				CLANG_WARN_STRICT_PROTOTYPES = YES;
				CLANG_WARN_SUSPICIOUS_MOVE = YES;
				CLANG_WARN_UNGUARDED_AVAILABILITY = YES_AGGRESSIVE;
				CLANG_WARN_UNREACHABLE_CODE = YES;
				CLANG_WARN__DUPLICATE_METHOD_MATCH = YES;
				COPY_PHASE_STRIP = NO;
				DEBUG_INFORMATION_FORMAT = dwarf;
				ENABLE_STRICT_OBJC_MSGSEND = YES;
				ENABLE_TESTABILITY = YES;
				GCC_C_LANGUAGE_STANDARD = gnu11;
				GCC_DYNAMIC_NO_PIC = NO;
				GCC_NO_COMMON_BLOCKS = YES;
				GCC_OPTIMIZATION_LEVEL = 0;
				GCC_PREPROCESSOR_DEFINITIONS = (
					"DEBUG=1",
					"$(inherited)",
				);
				GCC_WARN_64_TO_32_BIT_CONVERSION = YES;
				GCC_WARN_ABOUT_RETURN_TYPE = YES_ERROR;
				GCC_WARN_UNDECLARED_SELECTOR = YES;
				GCC_WARN_UNINITIALIZED_AUTOS = YES_AGGRESSIVE;
				GCC_WARN_UNUSED_FUNCTION = YES;
				GCC_WARN_UNUSED_VARIABLE = YES;
				IPHONEOS_DEPLOYMENT_TARGET = 16.2;
				MTL_ENABLE_DEBUG_INFO = INCLUDE_SOURCE;
				MTL_FAST_MATH = YES;
				ONLY_ACTIVE_ARCH = YES;
				SDKROOT = iphoneos;
			};
			name = Debug;
		};
		9F44645229AF4A7D00A99734 /* Release */ = {
			isa = XCBuildConfiguration;
			buildSettings = {
				ALWAYS_SEARCH_USER_PATHS = NO;
				CLANG_ANALYZER_NONNULL = YES;
				CLANG_ANALYZER_NUMBER_OBJECT_CONVERSION = YES_AGGRESSIVE;
				CLANG_CXX_LANGUAGE_STANDARD = "gnu++20";
				CLANG_ENABLE_MODULES = YES;
				CLANG_ENABLE_OBJC_ARC = YES;
				CLANG_ENABLE_OBJC_WEAK = YES;
				CLANG_WARN_BLOCK_CAPTURE_AUTORELEASING = YES;
				CLANG_WARN_BOOL_CONVERSION = YES;
				CLANG_WARN_COMMA = YES;
				CLANG_WARN_CONSTANT_CONVERSION = YES;
				CLANG_WARN_DEPRECATED_OBJC_IMPLEMENTATIONS = YES;
				CLANG_WARN_DIRECT_OBJC_ISA_USAGE = YES_ERROR;
				CLANG_WARN_DOCUMENTATION_COMMENTS = YES;
				CLANG_WARN_EMPTY_BODY = YES;
				CLANG_WARN_ENUM_CONVERSION = YES;
				CLANG_WARN_INFINITE_RECURSION = YES;
				CLANG_WARN_INT_CONVERSION = YES;
				CLANG_WARN_NON_LITERAL_NULL_CONVERSION = YES;
				CLANG_WARN_OBJC_IMPLICIT_RETAIN_SELF = YES;
				CLANG_WARN_OBJC_LITERAL_CONVERSION = YES;
				CLANG_WARN_OBJC_ROOT_CLASS = YES_ERROR;
				CLANG_WARN_QUOTED_INCLUDE_IN_FRAMEWORK_HEADER = YES;
				CLANG_WARN_RANGE_LOOP_ANALYSIS = YES;
				CLANG_WARN_STRICT_PROTOTYPES = YES;
				CLANG_WARN_SUSPICIOUS_MOVE = YES;
				CLANG_WARN_UNGUARDED_AVAILABILITY = YES_AGGRESSIVE;
				CLANG_WARN_UNREACHABLE_CODE = YES;
				CLANG_WARN__DUPLICATE_METHOD_MATCH = YES;
				COPY_PHASE_STRIP = NO;
				DEBUG_INFORMATION_FORMAT = "dwarf-with-dsym";
				ENABLE_NS_ASSERTIONS = NO;
				ENABLE_STRICT_OBJC_MSGSEND = YES;
				GCC_C_LANGUAGE_STANDARD = gnu11;
				GCC_NO_COMMON_BLOCKS = YES;
				GCC_WARN_64_TO_32_BIT_CONVERSION = YES;
				GCC_WARN_ABOUT_RETURN_TYPE = YES_ERROR;
				GCC_WARN_UNDECLARED_SELECTOR = YES;
				GCC_WARN_UNINITIALIZED_AUTOS = YES_AGGRESSIVE;
				GCC_WARN_UNUSED_FUNCTION = YES;
				GCC_WARN_UNUSED_VARIABLE = YES;
				IPHONEOS_DEPLOYMENT_TARGET = 16.2;
				MTL_ENABLE_DEBUG_INFO = NO;
				MTL_FAST_MATH = YES;
				SDKROOT = iphoneos;
				VALIDATE_PRODUCT = YES;
			};
			name = Release;
		};
		9F44645429AF4A7D00A99734 /* Debug */ = {
			isa = XCBuildConfiguration;
			buildSettings = {
				ASSETCATALOG_COMPILER_APPICON_NAME = AppIcon;
				ASSETCATALOG_COMPILER_GLOBAL_ACCENT_COLOR_NAME = AccentColor;
				CLANG_ENABLE_MODULES = YES;
				CODE_SIGN_STYLE = Automatic;
				CURRENT_PROJECT_VERSION = 1;
				GENERATE_INFOPLIST_FILE = YES;
				INFOPLIST_FILE = TMDB/Info.plist;
				INFOPLIST_KEY_UIApplicationSupportsIndirectInputEvents = YES;
				INFOPLIST_KEY_UILaunchStoryboardName = LaunchScreen;
				INFOPLIST_KEY_UIMainStoryboardFile = Main;
				INFOPLIST_KEY_UISupportedInterfaceOrientations_iPad = "UIInterfaceOrientationPortrait UIInterfaceOrientationPortraitUpsideDown UIInterfaceOrientationLandscapeLeft UIInterfaceOrientationLandscapeRight";
				INFOPLIST_KEY_UISupportedInterfaceOrientations_iPhone = "UIInterfaceOrientationPortrait UIInterfaceOrientationLandscapeLeft UIInterfaceOrientationLandscapeRight";
				LD_RUNPATH_SEARCH_PATHS = (
					"$(inherited)",
					"@executable_path/Frameworks",
				);
				MARKETING_VERSION = 1.0;
				PRODUCT_BUNDLE_IDENTIFIER = com.abhay.TMDB;
				PRODUCT_NAME = "$(TARGET_NAME)";
				SWIFT_EMIT_LOC_STRINGS = YES;
				SWIFT_OBJC_BRIDGING_HEADER = "TMDB/Model/TMDB-Bridging-Header.h";
				SWIFT_OPTIMIZATION_LEVEL = "-Onone";
				SWIFT_VERSION = 5.0;
				TARGETED_DEVICE_FAMILY = "1,2";
			};
			name = Debug;
		};
		9F44645529AF4A7D00A99734 /* Release */ = {
			isa = XCBuildConfiguration;
			buildSettings = {
				ASSETCATALOG_COMPILER_APPICON_NAME = AppIcon;
				ASSETCATALOG_COMPILER_GLOBAL_ACCENT_COLOR_NAME = AccentColor;
				CLANG_ENABLE_MODULES = YES;
				CODE_SIGN_STYLE = Automatic;
				CURRENT_PROJECT_VERSION = 1;
				GENERATE_INFOPLIST_FILE = YES;
				INFOPLIST_FILE = TMDB/Info.plist;
				INFOPLIST_KEY_UIApplicationSupportsIndirectInputEvents = YES;
				INFOPLIST_KEY_UILaunchStoryboardName = LaunchScreen;
				INFOPLIST_KEY_UIMainStoryboardFile = Main;
				INFOPLIST_KEY_UISupportedInterfaceOrientations_iPad = "UIInterfaceOrientationPortrait UIInterfaceOrientationPortraitUpsideDown UIInterfaceOrientationLandscapeLeft UIInterfaceOrientationLandscapeRight";
				INFOPLIST_KEY_UISupportedInterfaceOrientations_iPhone = "UIInterfaceOrientationPortrait UIInterfaceOrientationLandscapeLeft UIInterfaceOrientationLandscapeRight";
				LD_RUNPATH_SEARCH_PATHS = (
					"$(inherited)",
					"@executable_path/Frameworks",
				);
				MARKETING_VERSION = 1.0;
				PRODUCT_BUNDLE_IDENTIFIER = com.abhay.TMDB;
				PRODUCT_NAME = "$(TARGET_NAME)";
				SWIFT_EMIT_LOC_STRINGS = YES;
				SWIFT_OBJC_BRIDGING_HEADER = "TMDB/Model/TMDB-Bridging-Header.h";
				SWIFT_VERSION = 5.0;
				TARGETED_DEVICE_FAMILY = "1,2";
			};
			name = Release;
		};
		9F44645729AF4A7D00A99734 /* Debug */ = {
			isa = XCBuildConfiguration;
			buildSettings = {
				ALWAYS_EMBED_SWIFT_STANDARD_LIBRARIES = YES;
				BUNDLE_LOADER = "$(TEST_HOST)";
				CODE_SIGN_STYLE = Automatic;
				CURRENT_PROJECT_VERSION = 1;
				GENERATE_INFOPLIST_FILE = YES;
				IPHONEOS_DEPLOYMENT_TARGET = 16.2;
				MARKETING_VERSION = 1.0;
				PRODUCT_BUNDLE_IDENTIFIER = com.abhay.TMDBTests;
				PRODUCT_NAME = "$(TARGET_NAME)";
				SWIFT_EMIT_LOC_STRINGS = NO;
				TARGETED_DEVICE_FAMILY = "1,2";
				TEST_HOST = "$(BUILT_PRODUCTS_DIR)/TMDB.app/$(BUNDLE_EXECUTABLE_FOLDER_PATH)/TMDB";
			};
			name = Debug;
		};
		9F44645829AF4A7D00A99734 /* Release */ = {
			isa = XCBuildConfiguration;
			buildSettings = {
				ALWAYS_EMBED_SWIFT_STANDARD_LIBRARIES = YES;
				BUNDLE_LOADER = "$(TEST_HOST)";
				CODE_SIGN_STYLE = Automatic;
				CURRENT_PROJECT_VERSION = 1;
				GENERATE_INFOPLIST_FILE = YES;
				IPHONEOS_DEPLOYMENT_TARGET = 16.2;
				MARKETING_VERSION = 1.0;
				PRODUCT_BUNDLE_IDENTIFIER = com.abhay.TMDBTests;
				PRODUCT_NAME = "$(TARGET_NAME)";
				SWIFT_EMIT_LOC_STRINGS = NO;
				TARGETED_DEVICE_FAMILY = "1,2";
				TEST_HOST = "$(BUILT_PRODUCTS_DIR)/TMDB.app/$(BUNDLE_EXECUTABLE_FOLDER_PATH)/TMDB";
			};
			name = Release;
		};
		9F44645A29AF4A7D00A99734 /* Debug */ = {
			isa = XCBuildConfiguration;
			buildSettings = {
				ALWAYS_EMBED_SWIFT_STANDARD_LIBRARIES = YES;
				CODE_SIGN_STYLE = Automatic;
				CURRENT_PROJECT_VERSION = 1;
				GENERATE_INFOPLIST_FILE = YES;
				MARKETING_VERSION = 1.0;
				PRODUCT_BUNDLE_IDENTIFIER = com.abhay.TMDBUITests;
				PRODUCT_NAME = "$(TARGET_NAME)";
				SWIFT_EMIT_LOC_STRINGS = NO;
				TARGETED_DEVICE_FAMILY = "1,2";
				TEST_TARGET_NAME = TMDB;
			};
			name = Debug;
		};
		9F44645B29AF4A7D00A99734 /* Release */ = {
			isa = XCBuildConfiguration;
			buildSettings = {
				ALWAYS_EMBED_SWIFT_STANDARD_LIBRARIES = YES;
				CODE_SIGN_STYLE = Automatic;
				CURRENT_PROJECT_VERSION = 1;
				GENERATE_INFOPLIST_FILE = YES;
				MARKETING_VERSION = 1.0;
				PRODUCT_BUNDLE_IDENTIFIER = com.abhay.TMDBUITests;
				PRODUCT_NAME = "$(TARGET_NAME)";
				SWIFT_EMIT_LOC_STRINGS = NO;
				TARGETED_DEVICE_FAMILY = "1,2";
				TEST_TARGET_NAME = TMDB;
			};
			name = Release;
		};
/* End XCBuildConfiguration section */

/* Begin XCConfigurationList section */
		9F44641F29AF4A7C00A99734 /* Build configuration list for PBXProject "TMDB" */ = {
			isa = XCConfigurationList;
			buildConfigurations = (
				9F44645129AF4A7D00A99734 /* Debug */,
				9F44645229AF4A7D00A99734 /* Release */,
			);
			defaultConfigurationIsVisible = 0;
			defaultConfigurationName = Release;
		};
		9F44645329AF4A7D00A99734 /* Build configuration list for PBXNativeTarget "TMDB" */ = {
			isa = XCConfigurationList;
			buildConfigurations = (
				9F44645429AF4A7D00A99734 /* Debug */,
				9F44645529AF4A7D00A99734 /* Release */,
			);
			defaultConfigurationIsVisible = 0;
			defaultConfigurationName = Release;
		};
		9F44645629AF4A7D00A99734 /* Build configuration list for PBXNativeTarget "TMDBTests" */ = {
			isa = XCConfigurationList;
			buildConfigurations = (
				9F44645729AF4A7D00A99734 /* Debug */,
				9F44645829AF4A7D00A99734 /* Release */,
			);
			defaultConfigurationIsVisible = 0;
			defaultConfigurationName = Release;
		};
		9F44645929AF4A7D00A99734 /* Build configuration list for PBXNativeTarget "TMDBUITests" */ = {
			isa = XCConfigurationList;
			buildConfigurations = (
				9F44645A29AF4A7D00A99734 /* Debug */,
				9F44645B29AF4A7D00A99734 /* Release */,
			);
			defaultConfigurationIsVisible = 0;
			defaultConfigurationName = Release;
		};
/* End XCConfigurationList section */
	};
	rootObject = 9F44641C29AF4A7C00A99734 /* Project object */;
}
